
Microsoft Visual Studio Solution File, Format Version 12.00
# Visual Studio Version 17
VisualStudioVersion = 17.2.32505.173
MinimumVisualStudioVersion = 10.0.40219.1
Project("{888888A0-9F3D-457C-B088-3A5042F75D52}") = "hashish", "hashish.pyproj", "{53DDB9F6-2255-41E0-B988-F79382F366C9}"
EndProject
Global
	GlobalSection(SolutionConfigurationPlatforms) = preSolution
		Debug|Any CPU = Debug|Any CPU
		Release|Any CPU = Release|Any CPU
	EndGlobalSection
	GlobalSection(ProjectConfigurationPlatforms) = postSolution
		{53DDB9F6-2255-41E0-B988-F79382F366C9}.Debug|Any CPU.ActiveCfg = Debug|Any CPU
		{53DDB9F6-2255-41E0-B988-F79382F366C9}.Release|Any CPU.ActiveCfg = Release|Any CPU
	EndGlobalSection
	GlobalSection(SolutionProperties) = preSolution
		HideSolutionNode = FALSE
	EndGlobalSection
	GlobalSection(ExtensibilityGlobals) = postSolution
		SolutionGuid = {7B902E9A-9A59-4C4F-BCE6-7D20E5B726AB}
	EndGlobalSection
EndGlobal
